
Microsoft Visual Studio Solution File, Format Version 12.00
# Visual Studio Version 16
VisualStudioVersion = 16.0.31702.278
MinimumVisualStudioVersion = 10.0.40219.1
Project("{FAE04EC0-301F-11D3-BF4B-00C04F79EFBC}") = "Presentacion", "Presentacion\Presentacion.csproj", "{83FCF484-F62C-4431-8A69-6C75B8D14981}"
EndProject
Project("{FAE04EC0-301F-11D3-BF4B-00C04F79EFBC}") = "Entidad", "Entidad\Entidad.csproj", "{FFB80FF3-B8D8-486A-98F3-AA916A0330B9}"
EndProject
Global
	GlobalSection(SolutionConfigurationPlatforms) = preSolution
		Debug|Any CPU = Debug|Any CPU
		Release|Any CPU = Release|Any CPU
	EndGlobalSection
	GlobalSection(ProjectConfigurationPlatforms) = postSolution
		{83FCF484-F62C-4431-8A69-6C75B8D14981}.Debug|Any CPU.ActiveCfg = Debug|Any CPU
		{83FCF484-F62C-4431-8A69-6C75B8D14981}.Debug|Any CPU.Build.0 = Debug|Any CPU
		{83FCF484-F62C-4431-8A69-6C75B8D14981}.Release|Any CPU.ActiveCfg = Release|Any CPU
		{83FCF484-F62C-4431-8A69-6C75B8D14981}.Release|Any CPU.Build.0 = Release|Any CPU
		{FFB80FF3-B8D8-486A-98F3-AA916A0330B9}.Debug|Any CPU.ActiveCfg = Debug|Any CPU
		{FFB80FF3-B8D8-486A-98F3-AA916A0330B9}.Debug|Any CPU.Build.0 = Debug|Any CPU
		{FFB80FF3-B8D8-486A-98F3-AA916A0330B9}.Release|Any CPU.ActiveCfg = Release|Any CPU
		{FFB80FF3-B8D8-486A-98F3-AA916A0330B9}.Release|Any CPU.Build.0 = Release|Any CPU
	EndGlobalSection
	GlobalSection(SolutionProperties) = preSolution
		HideSolutionNode = FALSE
	EndGlobalSection
	GlobalSection(ExtensibilityGlobals) = postSolution
		SolutionGuid = {ED3DB75B-5B41-4B51-8E0D-49FE33A62FF2}
	EndGlobalSection
EndGlobal
